
Microsoft Visual Studio Solution File, Format Version 12.00
# Visual Studio Version 16
VisualStudioVersion = 16.0.31112.23
MinimumVisualStudioVersion = 10.0.40219.1
Project("{FAE04EC0-301F-11D3-BF4B-00C04F79EFBC}") = "FroSidanMVC", "FroSidanMVC\FroSidanMVC.csproj", "{F90A3FCA-A3AB-4FFD-81F1-3C9E62D3E8CF}"
EndProject
Project("{00D1A9C2-B5F0-4AF3-8072-F6C62B433612}") = "FrosidanDB", "FrosidanDB\FrosidanDB.sqlproj", "{F1D12702-46E2-43F2-AA39-22539BCF720C}"
EndProject
Global
	GlobalSection(SolutionConfigurationPlatforms) = preSolution
		Debug|Any CPU = Debug|Any CPU
		Release|Any CPU = Release|Any CPU
	EndGlobalSection
	GlobalSection(ProjectConfigurationPlatforms) = postSolution
		{F90A3FCA-A3AB-4FFD-81F1-3C9E62D3E8CF}.Debug|Any CPU.ActiveCfg = Debug|Any CPU
		{F90A3FCA-A3AB-4FFD-81F1-3C9E62D3E8CF}.Debug|Any CPU.Build.0 = Debug|Any CPU
		{F90A3FCA-A3AB-4FFD-81F1-3C9E62D3E8CF}.Release|Any CPU.ActiveCfg = Release|Any CPU
		{F90A3FCA-A3AB-4FFD-81F1-3C9E62D3E8CF}.Release|Any CPU.Build.0 = Release|Any CPU
		{F1D12702-46E2-43F2-AA39-22539BCF720C}.Debug|Any CPU.ActiveCfg = Debug|Any CPU
		{F1D12702-46E2-43F2-AA39-22539BCF720C}.Debug|Any CPU.Build.0 = Debug|Any CPU
		{F1D12702-46E2-43F2-AA39-22539BCF720C}.Debug|Any CPU.Deploy.0 = Debug|Any CPU
		{F1D12702-46E2-43F2-AA39-22539BCF720C}.Release|Any CPU.ActiveCfg = Release|Any CPU
		{F1D12702-46E2-43F2-AA39-22539BCF720C}.Release|Any CPU.Build.0 = Release|Any CPU
		{F1D12702-46E2-43F2-AA39-22539BCF720C}.Release|Any CPU.Deploy.0 = Release|Any CPU
	EndGlobalSection
	GlobalSection(SolutionProperties) = preSolution
		HideSolutionNode = FALSE
	EndGlobalSection
	GlobalSection(ExtensibilityGlobals) = postSolution
		SolutionGuid = {CD30799D-AA46-448E-89E0-ED164C64A0CC}
	EndGlobalSection
EndGlobal
